// !$*UTF8*$!
{
	archiveVersion = 1;
	classes = {
	};
	objectVersion = 56;
	objects = {

/* Begin PBXBuildFile section */
		54C060CA2CB6705400B8B051 /* FavoriteMedia.swift in Sources */ = {isa = PBXBuildFile; fileRef = 54C060C92CB6705400B8B051 /* FavoriteMedia.swift */; };
		54EBD7052CB519CD00581021 /* AppDelegate.swift in Sources */ = {isa = PBXBuildFile; fileRef = 54EBD7042CB519CD00581021 /* AppDelegate.swift */; };
		54EBD7072CB519CD00581021 /* SceneDelegate.swift in Sources */ = {isa = PBXBuildFile; fileRef = 54EBD7062CB519CD00581021 /* SceneDelegate.swift */; };
		54EBD7092CB519CD00581021 /* TrendingViewController.swift in Sources */ = {isa = PBXBuildFile; fileRef = 54EBD7082CB519CD00581021 /* TrendingViewController.swift */; };
		54EBD70E2CB519CE00581021 /* Assets.xcassets in Resources */ = {isa = PBXBuildFile; fileRef = 54EBD70D2CB519CE00581021 /* Assets.xcassets */; };
		54EBD7112CB519CE00581021 /* Base in Resources */ = {isa = PBXBuildFile; fileRef = 54EBD7102CB519CE00581021 /* Base */; };
		54EBD71E2CB51A5F00581021 /* TabBarViewController.swift in Sources */ = {isa = PBXBuildFile; fileRef = 54EBD71D2CB51A5F00581021 /* TabBarViewController.swift */; };
		54EBD7202CB51A9F00581021 /* SearchViewController.swift in Sources */ = {isa = PBXBuildFile; fileRef = 54EBD71F2CB51A9F00581021 /* SearchViewController.swift */; };
		54EBD7222CB51AC800581021 /* DetailViewController.swift in Sources */ = {isa = PBXBuildFile; fileRef = 54EBD7212CB51AC800581021 /* DetailViewController.swift */; };
		54EBD7242CB51AE200581021 /* FavoriteViewController.swift in Sources */ = {isa = PBXBuildFile; fileRef = 54EBD7232CB51AE200581021 /* FavoriteViewController.swift */; };
		54EBD72F2CB51DE700581021 /* .gitignore in Resources */ = {isa = PBXBuildFile; fileRef = 54EBD72E2CB51DE700581021 /* .gitignore */; };
		54EBD7342CB51F6A00581021 /* RxCocoa in Frameworks */ = {isa = PBXBuildFile; productRef = 54EBD7332CB51F6A00581021 /* RxCocoa */; };
		54EBD7362CB51F6A00581021 /* RxSwift in Frameworks */ = {isa = PBXBuildFile; productRef = 54EBD7352CB51F6A00581021 /* RxSwift */; };
		54EBD7392CB51F8900581021 /* RealmSwift in Frameworks */ = {isa = PBXBuildFile; productRef = 54EBD7382CB51F8900581021 /* RealmSwift */; };
		54EBD73C2CB51F9700581021 /* Alamofire in Frameworks */ = {isa = PBXBuildFile; productRef = 54EBD73B2CB51F9700581021 /* Alamofire */; };
		54EBD73F2CB51FA400581021 /* SnapKit in Frameworks */ = {isa = PBXBuildFile; productRef = 54EBD73E2CB51FA400581021 /* SnapKit */; };
		54EBD7422CB51FB600581021 /* Kingfisher in Frameworks */ = {isa = PBXBuildFile; productRef = 54EBD7412CB51FB600581021 /* Kingfisher */; };
		54EBD7442CB585FB00581021 /* TargetType.swift in Sources */ = {isa = PBXBuildFile; fileRef = 54EBD7432CB585FB00581021 /* TargetType.swift */; };
		54EBD7462CB58C0100581021 /* Router.swift in Sources */ = {isa = PBXBuildFile; fileRef = 54EBD7452CB58C0100581021 /* Router.swift */; };
		54EBD7482CB58CD100581021 /* APIKey.swift in Sources */ = {isa = PBXBuildFile; fileRef = 54EBD7472CB58CD100581021 /* APIKey.swift */; };
		54EBD74A2CB58D5300581021 /* APIManager.swift in Sources */ = {isa = PBXBuildFile; fileRef = 54EBD7492CB58D5300581021 /* APIManager.swift */; };
		54EBD74D2CB661E100581021 /* MediaResult.swift in Sources */ = {isa = PBXBuildFile; fileRef = 54EBD74C2CB661E100581021 /* MediaResult.swift */; };
		54EBD74F2CB6627500581021 /* DataManager.swift in Sources */ = {isa = PBXBuildFile; fileRef = 54EBD74E2CB6627500581021 /* DataManager.swift */; };
		54EBD7512CB6629500581021 /* Date+.swift in Sources */ = {isa = PBXBuildFile; fileRef = 54EBD7502CB6629500581021 /* Date+.swift */; };
		54EBD7532CB662CB00581021 /* Reusable.swift in Sources */ = {isa = PBXBuildFile; fileRef = 54EBD7522CB662CB00581021 /* Reusable.swift */; };
		54EBD7552CB662F600581021 /* BaseViewController.swift in Sources */ = {isa = PBXBuildFile; fileRef = 54EBD7542CB662F600581021 /* BaseViewController.swift */; };
		54EBD7572CB663C400581021 /* MediaDetail.swift in Sources */ = {isa = PBXBuildFile; fileRef = 54EBD7562CB663C400581021 /* MediaDetail.swift */; };
		54EBD75D2CB66B8F00581021 /* BaseView.swift in Sources */ = {isa = PBXBuildFile; fileRef = 54EBD75C2CB66B8F00581021 /* BaseView.swift */; };
/* End PBXBuildFile section */

/* Begin PBXFileReference section */
		54C060C92CB6705400B8B051 /* FavoriteMedia.swift */ = {isa = PBXFileReference; lastKnownFileType = sourcecode.swift; path = FavoriteMedia.swift; sourceTree = "<group>"; };
		54EBD7012CB519CD00581021 /* Triflix.app */ = {isa = PBXFileReference; explicitFileType = wrapper.application; includeInIndex = 0; path = Triflix.app; sourceTree = BUILT_PRODUCTS_DIR; };
		54EBD7042CB519CD00581021 /* AppDelegate.swift */ = {isa = PBXFileReference; lastKnownFileType = sourcecode.swift; path = AppDelegate.swift; sourceTree = "<group>"; };
		54EBD7062CB519CD00581021 /* SceneDelegate.swift */ = {isa = PBXFileReference; lastKnownFileType = sourcecode.swift; path = SceneDelegate.swift; sourceTree = "<group>"; };
		54EBD7082CB519CD00581021 /* TrendingViewController.swift */ = {isa = PBXFileReference; lastKnownFileType = sourcecode.swift; path = TrendingViewController.swift; sourceTree = "<group>"; };
		54EBD70D2CB519CE00581021 /* Assets.xcassets */ = {isa = PBXFileReference; lastKnownFileType = folder.assetcatalog; path = Assets.xcassets; sourceTree = "<group>"; };
		54EBD7102CB519CE00581021 /* Base */ = {isa = PBXFileReference; lastKnownFileType = file.storyboard; name = Base; path = Base.lproj/LaunchScreen.storyboard; sourceTree = "<group>"; };
		54EBD7122CB519CE00581021 /* Info.plist */ = {isa = PBXFileReference; lastKnownFileType = text.plist.xml; path = Info.plist; sourceTree = "<group>"; };
		54EBD71D2CB51A5F00581021 /* TabBarViewController.swift */ = {isa = PBXFileReference; lastKnownFileType = sourcecode.swift; path = TabBarViewController.swift; sourceTree = "<group>"; };
		54EBD71F2CB51A9F00581021 /* SearchViewController.swift */ = {isa = PBXFileReference; lastKnownFileType = sourcecode.swift; path = SearchViewController.swift; sourceTree = "<group>"; };
		54EBD7212CB51AC800581021 /* DetailViewController.swift */ = {isa = PBXFileReference; lastKnownFileType = sourcecode.swift; path = DetailViewController.swift; sourceTree = "<group>"; };
		54EBD7232CB51AE200581021 /* FavoriteViewController.swift */ = {isa = PBXFileReference; lastKnownFileType = sourcecode.swift; path = FavoriteViewController.swift; sourceTree = "<group>"; };
		54EBD72E2CB51DE700581021 /* .gitignore */ = {isa = PBXFileReference; lastKnownFileType = text; path = .gitignore; sourceTree = "<group>"; };
		54EBD7432CB585FB00581021 /* TargetType.swift */ = {isa = PBXFileReference; lastKnownFileType = sourcecode.swift; path = TargetType.swift; sourceTree = "<group>"; };
		54EBD7452CB58C0100581021 /* Router.swift */ = {isa = PBXFileReference; lastKnownFileType = sourcecode.swift; path = Router.swift; sourceTree = "<group>"; };
		54EBD7472CB58CD100581021 /* APIKey.swift */ = {isa = PBXFileReference; lastKnownFileType = sourcecode.swift; path = APIKey.swift; sourceTree = "<group>"; };
		54EBD7492CB58D5300581021 /* APIManager.swift */ = {isa = PBXFileReference; lastKnownFileType = sourcecode.swift; path = APIManager.swift; sourceTree = "<group>"; };
		54EBD74C2CB661E100581021 /* MediaResult.swift */ = {isa = PBXFileReference; lastKnownFileType = sourcecode.swift; path = MediaResult.swift; sourceTree = "<group>"; };
		54EBD74E2CB6627500581021 /* DataManager.swift */ = {isa = PBXFileReference; lastKnownFileType = sourcecode.swift; path = DataManager.swift; sourceTree = "<group>"; };
		54EBD7502CB6629500581021 /* Date+.swift */ = {isa = PBXFileReference; lastKnownFileType = sourcecode.swift; path = "Date+.swift"; sourceTree = "<group>"; };
		54EBD7522CB662CB00581021 /* Reusable.swift */ = {isa = PBXFileReference; lastKnownFileType = sourcecode.swift; path = Reusable.swift; sourceTree = "<group>"; };
		54EBD7542CB662F600581021 /* BaseViewController.swift */ = {isa = PBXFileReference; lastKnownFileType = sourcecode.swift; path = BaseViewController.swift; sourceTree = "<group>"; };
		54EBD7562CB663C400581021 /* MediaDetail.swift */ = {isa = PBXFileReference; lastKnownFileType = sourcecode.swift; path = MediaDetail.swift; sourceTree = "<group>"; };
		54EBD75C2CB66B8F00581021 /* BaseView.swift */ = {isa = PBXFileReference; lastKnownFileType = sourcecode.swift; path = BaseView.swift; sourceTree = "<group>"; };
/* End PBXFileReference section */

/* Begin PBXFrameworksBuildPhase section */
		54EBD6FE2CB519CD00581021 /* Frameworks */ = {
			isa = PBXFrameworksBuildPhase;
			buildActionMask = 2147483647;
			files = (
				54EBD7422CB51FB600581021 /* Kingfisher in Frameworks */,
				54EBD7392CB51F8900581021 /* RealmSwift in Frameworks */,
				54EBD73C2CB51F9700581021 /* Alamofire in Frameworks */,
				54EBD7362CB51F6A00581021 /* RxSwift in Frameworks */,
				54EBD7342CB51F6A00581021 /* RxCocoa in Frameworks */,
				54EBD73F2CB51FA400581021 /* SnapKit in Frameworks */,
			);
			runOnlyForDeploymentPostprocessing = 0;
		};
/* End PBXFrameworksBuildPhase section */

/* Begin PBXGroup section */
		54C060C82CB6704B00B8B051 /* RealmModel */ = {
			isa = PBXGroup;
			children = (
				54C060C92CB6705400B8B051 /* FavoriteMedia.swift */,
			);
			path = RealmModel;
			sourceTree = "<group>";
		};
		54EBD6F82CB519CD00581021 = {
			isa = PBXGroup;
			children = (
				54EBD72E2CB51DE700581021 /* .gitignore */,
				54EBD7032CB519CD00581021 /* Triflix */,
				54EBD7022CB519CD00581021 /* Products */,
			);
			sourceTree = "<group>";
		};
		54EBD7022CB519CD00581021 /* Products */ = {
			isa = PBXGroup;
			children = (
				54EBD7012CB519CD00581021 /* Triflix.app */,
			);
			name = Products;
			sourceTree = "<group>";
		};
		54EBD7032CB519CD00581021 /* Triflix */ = {
			isa = PBXGroup;
			children = (
				54EBD72D2CB51D6700581021 /* Sources */,
				54EBD72C2CB51D4E00581021 /* Resources */,
				54EBD70D2CB519CE00581021 /* Assets.xcassets */,
				54EBD7122CB519CE00581021 /* Info.plist */,
			);
			path = Triflix;
			sourceTree = "<group>";
		};
		54EBD7182CB519F000581021 /* Presentation */ = {
			isa = PBXGroup;
			children = (
				54EBD71C2CB51A2700581021 /* Favorite */,
				54EBD71B2CB51A1D00581021 /* Detail */,
				54EBD71A2CB51A0A00581021 /* Search */,
				54EBD7192CB519FF00581021 /* Trending */,
				54EBD71D2CB51A5F00581021 /* TabBarViewController.swift */,
			);
			path = Presentation;
			sourceTree = "<group>";
		};
		54EBD7192CB519FF00581021 /* Trending */ = {
			isa = PBXGroup;
			children = (
				54EBD7082CB519CD00581021 /* TrendingViewController.swift */,
			);
			name = Trending;
			sourceTree = "<group>";
		};
		54EBD71A2CB51A0A00581021 /* Search */ = {
			isa = PBXGroup;
			children = (
				54EBD71F2CB51A9F00581021 /* SearchViewController.swift */,
			);
			name = Search;
			sourceTree = "<group>";
		};
		54EBD71B2CB51A1D00581021 /* Detail */ = {
			isa = PBXGroup;
			children = (
				54EBD7212CB51AC800581021 /* DetailViewController.swift */,
			);
			name = Detail;
			sourceTree = "<group>";
		};
		54EBD71C2CB51A2700581021 /* Favorite */ = {
			isa = PBXGroup;
			children = (
				54EBD7232CB51AE200581021 /* FavoriteViewController.swift */,
			);
			name = Favorite;
			sourceTree = "<group>";
		};
		54EBD7252CB51CFC00581021 /* Extension */ = {
			isa = PBXGroup;
			children = (
				54EBD7502CB6629500581021 /* Date+.swift */,
			);
			path = Extension;
			sourceTree = "<group>";
		};
		54EBD7262CB51D0200581021 /* CustomView */ = {
			isa = PBXGroup;
			children = (
				54EBD7542CB662F600581021 /* BaseViewController.swift */,
				54EBD75C2CB66B8F00581021 /* BaseView.swift */,
			);
			path = CustomView;
			sourceTree = "<group>";
		};
		54EBD7272CB51D0900581021 /* Manager */ = {
			isa = PBXGroup;
			children = (
				54EBD72B2CB51D3900581021 /* Database */,
				54EBD72A2CB51D3300581021 /* Network */,
			);
			path = Manager;
			sourceTree = "<group>";
		};
		54EBD7282CB51D1800581021 /* Protocol */ = {
			isa = PBXGroup;
			children = (
				54EBD7522CB662CB00581021 /* Reusable.swift */,
			);
			path = Protocol;
			sourceTree = "<group>";
		};
		54EBD72A2CB51D3300581021 /* Network */ = {
			isa = PBXGroup;
			children = (
				54EBD74B2CB599AF00581021 /* ResponseModel */,
				54EBD7432CB585FB00581021 /* TargetType.swift */,
				54EBD7492CB58D5300581021 /* APIManager.swift */,
				54EBD7452CB58C0100581021 /* Router.swift */,
				54EBD7472CB58CD100581021 /* APIKey.swift */,
			);
			path = Network;
			sourceTree = "<group>";
		};
		54EBD72B2CB51D3900581021 /* Database */ = {
			isa = PBXGroup;
			children = (
				54EBD74E2CB6627500581021 /* DataManager.swift */,
				54C060C82CB6704B00B8B051 /* RealmModel */,
			);
			path = Database;
			sourceTree = "<group>";
		};
		54EBD72C2CB51D4E00581021 /* Resources */ = {
			isa = PBXGroup;
			children = (
				54EBD7042CB519CD00581021 /* AppDelegate.swift */,
				54EBD7062CB519CD00581021 /* SceneDelegate.swift */,
				54EBD70F2CB519CE00581021 /* LaunchScreen.storyboard */,
			);
			path = Resources;
			sourceTree = "<group>";
		};
		54EBD72D2CB51D6700581021 /* Sources */ = {
			isa = PBXGroup;
			children = (
				54EBD7282CB51D1800581021 /* Protocol */,
				54EBD7272CB51D0900581021 /* Manager */,
				54EBD7262CB51D0200581021 /* CustomView */,
				54EBD7252CB51CFC00581021 /* Extension */,
				54EBD7182CB519F000581021 /* Presentation */,
			);
			path = Sources;
			sourceTree = "<group>";
		};
		54EBD74B2CB599AF00581021 /* ResponseModel */ = {
			isa = PBXGroup;
			children = (
				54EBD74C2CB661E100581021 /* MediaResult.swift */,
				54EBD7562CB663C400581021 /* MediaDetail.swift */,
			);
			path = ResponseModel;
			sourceTree = "<group>";
		};
/* End PBXGroup section */

/* Begin PBXNativeTarget section */
		54EBD7002CB519CD00581021 /* Triflix */ = {
			isa = PBXNativeTarget;
			buildConfigurationList = 54EBD7152CB519CE00581021 /* Build configuration list for PBXNativeTarget "Triflix" */;
			buildPhases = (
				54EBD6FD2CB519CD00581021 /* Sources */,
				54EBD6FE2CB519CD00581021 /* Frameworks */,
				54EBD6FF2CB519CD00581021 /* Resources */,
			);
			buildRules = (
			);
			dependencies = (
			);
			name = Triflix;
			packageProductDependencies = (
				54EBD7332CB51F6A00581021 /* RxCocoa */,
				54EBD7352CB51F6A00581021 /* RxSwift */,
				54EBD7382CB51F8900581021 /* RealmSwift */,
				54EBD73B2CB51F9700581021 /* Alamofire */,
				54EBD73E2CB51FA400581021 /* SnapKit */,
				54EBD7412CB51FB600581021 /* Kingfisher */,
			);
			productName = Triflix;
			productReference = 54EBD7012CB519CD00581021 /* Triflix.app */;
			productType = "com.apple.product-type.application";
		};
/* End PBXNativeTarget section */

/* Begin PBXProject section */
		54EBD6F92CB519CD00581021 /* Project object */ = {
			isa = PBXProject;
			attributes = {
				BuildIndependentTargetsInParallel = 1;
				LastSwiftUpdateCheck = 1530;
				LastUpgradeCheck = 1530;
				TargetAttributes = {
					54EBD7002CB519CD00581021 = {
						CreatedOnToolsVersion = 15.3;
					};
				};
			};
			buildConfigurationList = 54EBD6FC2CB519CD00581021 /* Build configuration list for PBXProject "Triflix" */;
			compatibilityVersion = "Xcode 14.0";
			developmentRegion = en;
			hasScannedForEncodings = 0;
			knownRegions = (
				en,
				Base,
			);
			mainGroup = 54EBD6F82CB519CD00581021;
			packageReferences = (
				54EBD7322CB51F6A00581021 /* XCRemoteSwiftPackageReference "RxSwift" */,
				54EBD7372CB51F8900581021 /* XCRemoteSwiftPackageReference "realm-swift" */,
				54EBD73A2CB51F9700581021 /* XCRemoteSwiftPackageReference "Alamofire" */,
				54EBD73D2CB51FA400581021 /* XCRemoteSwiftPackageReference "SnapKit" */,
				54EBD7402CB51FB600581021 /* XCRemoteSwiftPackageReference "Kingfisher" */,
			);
			productRefGroup = 54EBD7022CB519CD00581021 /* Products */;
			projectDirPath = "";
			projectRoot = "";
			targets = (
				54EBD7002CB519CD00581021 /* Triflix */,
			);
		};
/* End PBXProject section */

/* Begin PBXResourcesBuildPhase section */
		54EBD6FF2CB519CD00581021 /* Resources */ = {
			isa = PBXResourcesBuildPhase;
			buildActionMask = 2147483647;
			files = (
				54EBD70E2CB519CE00581021 /* Assets.xcassets in Resources */,
				54EBD72F2CB51DE700581021 /* .gitignore in Resources */,
				54EBD7112CB519CE00581021 /* Base in Resources */,
			);
			runOnlyForDeploymentPostprocessing = 0;
		};
/* End PBXResourcesBuildPhase section */

/* Begin PBXSourcesBuildPhase section */
		54EBD6FD2CB519CD00581021 /* Sources */ = {
			isa = PBXSourcesBuildPhase;
			buildActionMask = 2147483647;
			files = (
				54EBD7202CB51A9F00581021 /* SearchViewController.swift in Sources */,
				54EBD71E2CB51A5F00581021 /* TabBarViewController.swift in Sources */,
				54EBD7092CB519CD00581021 /* TrendingViewController.swift in Sources */,
				54EBD7242CB51AE200581021 /* FavoriteViewController.swift in Sources */,
				54EBD74A2CB58D5300581021 /* APIManager.swift in Sources */,
				54EBD7482CB58CD100581021 /* APIKey.swift in Sources */,
				54EBD7462CB58C0100581021 /* Router.swift in Sources */,
				54EBD7512CB6629500581021 /* Date+.swift in Sources */,
				54EBD7572CB663C400581021 /* MediaDetail.swift in Sources */,
				54EBD7442CB585FB00581021 /* TargetType.swift in Sources */,
				54EBD7532CB662CB00581021 /* Reusable.swift in Sources */,
				54C060CA2CB6705400B8B051 /* FavoriteMedia.swift in Sources */,
				54EBD7222CB51AC800581021 /* DetailViewController.swift in Sources */,
				54EBD7052CB519CD00581021 /* AppDelegate.swift in Sources */,
				54EBD7072CB519CD00581021 /* SceneDelegate.swift in Sources */,
				54EBD7552CB662F600581021 /* BaseViewController.swift in Sources */,
				54EBD75D2CB66B8F00581021 /* BaseView.swift in Sources */,
				54EBD74F2CB6627500581021 /* DataManager.swift in Sources */,
				54EBD74D2CB661E100581021 /* MediaResult.swift in Sources */,
			);
			runOnlyForDeploymentPostprocessing = 0;
		};
/* End PBXSourcesBuildPhase section */

/* Begin PBXVariantGroup section */
		54EBD70F2CB519CE00581021 /* LaunchScreen.storyboard */ = {
			isa = PBXVariantGroup;
			children = (
				54EBD7102CB519CE00581021 /* Base */,
			);
			name = LaunchScreen.storyboard;
			sourceTree = "<group>";
		};
/* End PBXVariantGroup section */

/* Begin XCBuildConfiguration section */
		54EBD7132CB519CE00581021 /* Debug */ = {
			isa = XCBuildConfiguration;
			buildSettings = {
				ALWAYS_SEARCH_USER_PATHS = NO;
				ASSETCATALOG_COMPILER_GENERATE_SWIFT_ASSET_SYMBOL_EXTENSIONS = YES;
				CLANG_ANALYZER_NONNULL = YES;
				CLANG_ANALYZER_NUMBER_OBJECT_CONVERSION = YES_AGGRESSIVE;
				CLANG_CXX_LANGUAGE_STANDARD = "gnu++20";
				CLANG_ENABLE_MODULES = YES;
				CLANG_ENABLE_OBJC_ARC = YES;
				CLANG_ENABLE_OBJC_WEAK = YES;
				CLANG_WARN_BLOCK_CAPTURE_AUTORELEASING = YES;
				CLANG_WARN_BOOL_CONVERSION = YES;
				CLANG_WARN_COMMA = YES;
				CLANG_WARN_CONSTANT_CONVERSION = YES;
				CLANG_WARN_DEPRECATED_OBJC_IMPLEMENTATIONS = YES;
				CLANG_WARN_DIRECT_OBJC_ISA_USAGE = YES_ERROR;
				CLANG_WARN_DOCUMENTATION_COMMENTS = YES;
				CLANG_WARN_EMPTY_BODY = YES;
				CLANG_WARN_ENUM_CONVERSION = YES;
				CLANG_WARN_INFINITE_RECURSION = YES;
				CLANG_WARN_INT_CONVERSION = YES;
				CLANG_WARN_NON_LITERAL_NULL_CONVERSION = YES;
				CLANG_WARN_OBJC_IMPLICIT_RETAIN_SELF = YES;
				CLANG_WARN_OBJC_LITERAL_CONVERSION = YES;
				CLANG_WARN_OBJC_ROOT_CLASS = YES_ERROR;
				CLANG_WARN_QUOTED_INCLUDE_IN_FRAMEWORK_HEADER = YES;
				CLANG_WARN_RANGE_LOOP_ANALYSIS = YES;
				CLANG_WARN_STRICT_PROTOTYPES = YES;
				CLANG_WARN_SUSPICIOUS_MOVE = YES;
				CLANG_WARN_UNGUARDED_AVAILABILITY = YES_AGGRESSIVE;
				CLANG_WARN_UNREACHABLE_CODE = YES;
				CLANG_WARN__DUPLICATE_METHOD_MATCH = YES;
				COPY_PHASE_STRIP = NO;
				DEBUG_INFORMATION_FORMAT = dwarf;
				ENABLE_STRICT_OBJC_MSGSEND = YES;
				ENABLE_TESTABILITY = YES;
				ENABLE_USER_SCRIPT_SANDBOXING = YES;
				GCC_C_LANGUAGE_STANDARD = gnu17;
				GCC_DYNAMIC_NO_PIC = NO;
				GCC_NO_COMMON_BLOCKS = YES;
				GCC_OPTIMIZATION_LEVEL = 0;
				GCC_PREPROCESSOR_DEFINITIONS = (
					"DEBUG=1",
					"$(inherited)",
				);
				GCC_WARN_64_TO_32_BIT_CONVERSION = YES;
				GCC_WARN_ABOUT_RETURN_TYPE = YES_ERROR;
				GCC_WARN_UNDECLARED_SELECTOR = YES;
				GCC_WARN_UNINITIALIZED_AUTOS = YES_AGGRESSIVE;
				GCC_WARN_UNUSED_FUNCTION = YES;
				GCC_WARN_UNUSED_VARIABLE = YES;
				IPHONEOS_DEPLOYMENT_TARGET = 17.4;
				LOCALIZATION_PREFERS_STRING_CATALOGS = YES;
				MTL_ENABLE_DEBUG_INFO = INCLUDE_SOURCE;
				MTL_FAST_MATH = YES;
				ONLY_ACTIVE_ARCH = YES;
				SDKROOT = iphoneos;
				SWIFT_ACTIVE_COMPILATION_CONDITIONS = "DEBUG $(inherited)";
				SWIFT_OPTIMIZATION_LEVEL = "-Onone";
			};
			name = Debug;
		};
		54EBD7142CB519CE00581021 /* Release */ = {
			isa = XCBuildConfiguration;
			buildSettings = {
				ALWAYS_SEARCH_USER_PATHS = NO;
				ASSETCATALOG_COMPILER_GENERATE_SWIFT_ASSET_SYMBOL_EXTENSIONS = YES;
				CLANG_ANALYZER_NONNULL = YES;
				CLANG_ANALYZER_NUMBER_OBJECT_CONVERSION = YES_AGGRESSIVE;
				CLANG_CXX_LANGUAGE_STANDARD = "gnu++20";
				CLANG_ENABLE_MODULES = YES;
				CLANG_ENABLE_OBJC_ARC = YES;
				CLANG_ENABLE_OBJC_WEAK = YES;
				CLANG_WARN_BLOCK_CAPTURE_AUTORELEASING = YES;
				CLANG_WARN_BOOL_CONVERSION = YES;
				CLANG_WARN_COMMA = YES;
				CLANG_WARN_CONSTANT_CONVERSION = YES;
				CLANG_WARN_DEPRECATED_OBJC_IMPLEMENTATIONS = YES;
				CLANG_WARN_DIRECT_OBJC_ISA_USAGE = YES_ERROR;
				CLANG_WARN_DOCUMENTATION_COMMENTS = YES;
				CLANG_WARN_EMPTY_BODY = YES;
				CLANG_WARN_ENUM_CONVERSION = YES;
				CLANG_WARN_INFINITE_RECURSION = YES;
				CLANG_WARN_INT_CONVERSION = YES;
				CLANG_WARN_NON_LITERAL_NULL_CONVERSION = YES;
				CLANG_WARN_OBJC_IMPLICIT_RETAIN_SELF = YES;
				CLANG_WARN_OBJC_LITERAL_CONVERSION = YES;
				CLANG_WARN_OBJC_ROOT_CLASS = YES_ERROR;
				CLANG_WARN_QUOTED_INCLUDE_IN_FRAMEWORK_HEADER = YES;
				CLANG_WARN_RANGE_LOOP_ANALYSIS = YES;
				CLANG_WARN_STRICT_PROTOTYPES = YES;
				CLANG_WARN_SUSPICIOUS_MOVE = YES;
				CLANG_WARN_UNGUARDED_AVAILABILITY = YES_AGGRESSIVE;
				CLANG_WARN_UNREACHABLE_CODE = YES;
				CLANG_WARN__DUPLICATE_METHOD_MATCH = YES;
				COPY_PHASE_STRIP = NO;
				DEBUG_INFORMATION_FORMAT = "dwarf-with-dsym";
				ENABLE_NS_ASSERTIONS = NO;
				ENABLE_STRICT_OBJC_MSGSEND = YES;
				ENABLE_USER_SCRIPT_SANDBOXING = YES;
				GCC_C_LANGUAGE_STANDARD = gnu17;
				GCC_NO_COMMON_BLOCKS = YES;
				GCC_WARN_64_TO_32_BIT_CONVERSION = YES;
				GCC_WARN_ABOUT_RETURN_TYPE = YES_ERROR;
				GCC_WARN_UNDECLARED_SELECTOR = YES;
				GCC_WARN_UNINITIALIZED_AUTOS = YES_AGGRESSIVE;
				GCC_WARN_UNUSED_FUNCTION = YES;
				GCC_WARN_UNUSED_VARIABLE = YES;
				IPHONEOS_DEPLOYMENT_TARGET = 17.4;
				LOCALIZATION_PREFERS_STRING_CATALOGS = YES;
				MTL_ENABLE_DEBUG_INFO = NO;
				MTL_FAST_MATH = YES;
				SDKROOT = iphoneos;
				SWIFT_COMPILATION_MODE = wholemodule;
				VALIDATE_PRODUCT = YES;
			};
			name = Release;
		};
		54EBD7162CB519CE00581021 /* Debug */ = {
			isa = XCBuildConfiguration;
			buildSettings = {
				ASSETCATALOG_COMPILER_APPICON_NAME = AppIcon;
				ASSETCATALOG_COMPILER_GLOBAL_ACCENT_COLOR_NAME = AccentColor;
				CODE_SIGN_STYLE = Automatic;
				CURRENT_PROJECT_VERSION = 1;
				DEVELOPMENT_TEAM = 82M3Y9RKT2;
				GENERATE_INFOPLIST_FILE = YES;
				INFOPLIST_FILE = Triflix/Info.plist;
				INFOPLIST_KEY_UIApplicationSupportsIndirectInputEvents = YES;
				INFOPLIST_KEY_UILaunchStoryboardName = LaunchScreen;
				INFOPLIST_KEY_UISupportedInterfaceOrientations = UIInterfaceOrientationPortrait;
				INFOPLIST_KEY_UISupportedInterfaceOrientations_iPad = UIInterfaceOrientationPortrait;
				IPHONEOS_DEPLOYMENT_TARGET = 15.0;
				LD_RUNPATH_SEARCH_PATHS = (
					"$(inherited)",
					"@executable_path/Frameworks",
				);
				MARKETING_VERSION = 1.0;
				PRODUCT_BUNDLE_IDENTIFIER = com.lcho3878.Triflix;
				PRODUCT_NAME = "$(TARGET_NAME)";
				SUPPORTED_PLATFORMS = "iphoneos iphonesimulator";
				SUPPORTS_MACCATALYST = NO;
				SUPPORTS_MAC_DESIGNED_FOR_IPHONE_IPAD = NO;
				SUPPORTS_XR_DESIGNED_FOR_IPHONE_IPAD = NO;
				SWIFT_EMIT_LOC_STRINGS = YES;
				SWIFT_VERSION = 5.0;
				TARGETED_DEVICE_FAMILY = 1;
			};
			name = Debug;
		};
		54EBD7172CB519CE00581021 /* Release */ = {
			isa = XCBuildConfiguration;
			buildSettings = {
				ASSETCATALOG_COMPILER_APPICON_NAME = AppIcon;
				ASSETCATALOG_COMPILER_GLOBAL_ACCENT_COLOR_NAME = AccentColor;
				CODE_SIGN_STYLE = Automatic;
				CURRENT_PROJECT_VERSION = 1;
				DEVELOPMENT_TEAM = 82M3Y9RKT2;
				GENERATE_INFOPLIST_FILE = YES;
				INFOPLIST_FILE = Triflix/Info.plist;
				INFOPLIST_KEY_UIApplicationSupportsIndirectInputEvents = YES;
				INFOPLIST_KEY_UILaunchStoryboardName = LaunchScreen;
				INFOPLIST_KEY_UISupportedInterfaceOrientations = UIInterfaceOrientationPortrait;
				INFOPLIST_KEY_UISupportedInterfaceOrientations_iPad = UIInterfaceOrientationPortrait;
				IPHONEOS_DEPLOYMENT_TARGET = 15.0;
				LD_RUNPATH_SEARCH_PATHS = (
					"$(inherited)",
					"@executable_path/Frameworks",
				);
				MARKETING_VERSION = 1.0;
				PRODUCT_BUNDLE_IDENTIFIER = com.lcho3878.Triflix;
				PRODUCT_NAME = "$(TARGET_NAME)";
				SUPPORTED_PLATFORMS = "iphoneos iphonesimulator";
				SUPPORTS_MACCATALYST = NO;
				SUPPORTS_MAC_DESIGNED_FOR_IPHONE_IPAD = NO;
				SUPPORTS_XR_DESIGNED_FOR_IPHONE_IPAD = NO;
				SWIFT_EMIT_LOC_STRINGS = YES;
				SWIFT_VERSION = 5.0;
				TARGETED_DEVICE_FAMILY = 1;
			};
			name = Release;
		};
/* End XCBuildConfiguration section */

/* Begin XCConfigurationList section */
		54EBD6FC2CB519CD00581021 /* Build configuration list for PBXProject "Triflix" */ = {
			isa = XCConfigurationList;
			buildConfigurations = (
				54EBD7132CB519CE00581021 /* Debug */,
				54EBD7142CB519CE00581021 /* Release */,
			);
			defaultConfigurationIsVisible = 0;
			defaultConfigurationName = Release;
		};
		54EBD7152CB519CE00581021 /* Build configuration list for PBXNativeTarget "Triflix" */ = {
			isa = XCConfigurationList;
			buildConfigurations = (
				54EBD7162CB519CE00581021 /* Debug */,
				54EBD7172CB519CE00581021 /* Release */,
			);
			defaultConfigurationIsVisible = 0;
			defaultConfigurationName = Release;
		};
/* End XCConfigurationList section */

/* Begin XCRemoteSwiftPackageReference section */
		54EBD7322CB51F6A00581021 /* XCRemoteSwiftPackageReference "RxSwift" */ = {
			isa = XCRemoteSwiftPackageReference;
			repositoryURL = "https://github.com/ReactiveX/RxSwift";
			requirement = {
				kind = upToNextMajorVersion;
				minimumVersion = 6.8.0;
			};
		};
		54EBD7372CB51F8900581021 /* XCRemoteSwiftPackageReference "realm-swift" */ = {
			isa = XCRemoteSwiftPackageReference;
			repositoryURL = "https://github.com/realm/realm-swift.git";
			requirement = {
				kind = exactVersion;
				version = 10.54.0;
			};
		};
		54EBD73A2CB51F9700581021 /* XCRemoteSwiftPackageReference "Alamofire" */ = {
			isa = XCRemoteSwiftPackageReference;
			repositoryURL = "https://github.com/Alamofire/Alamofire.git";
			requirement = {
				kind = upToNextMajorVersion;
				minimumVersion = 5.9.1;
			};
		};
		54EBD73D2CB51FA400581021 /* XCRemoteSwiftPackageReference "SnapKit" */ = {
			isa = XCRemoteSwiftPackageReference;
			repositoryURL = "https://github.com/SnapKit/SnapKit";
			requirement = {
				kind = upToNextMajorVersion;
				minimumVersion = 5.7.1;
			};
		};
		54EBD7402CB51FB600581021 /* XCRemoteSwiftPackageReference "Kingfisher" */ = {
			isa = XCRemoteSwiftPackageReference;
			repositoryURL = "https://github.com/onevcat/Kingfisher";
			requirement = {
				kind = upToNextMajorVersion;
				minimumVersion = 8.0.3;
			};
		};
/* End XCRemoteSwiftPackageReference section */

/* Begin XCSwiftPackageProductDependency section */
		54EBD7332CB51F6A00581021 /* RxCocoa */ = {
			isa = XCSwiftPackageProductDependency;
			package = 54EBD7322CB51F6A00581021 /* XCRemoteSwiftPackageReference "RxSwift" */;
			productName = RxCocoa;
		};
		54EBD7352CB51F6A00581021 /* RxSwift */ = {
			isa = XCSwiftPackageProductDependency;
			package = 54EBD7322CB51F6A00581021 /* XCRemoteSwiftPackageReference "RxSwift" */;
			productName = RxSwift;
		};
		54EBD7382CB51F8900581021 /* RealmSwift */ = {
			isa = XCSwiftPackageProductDependency;
			package = 54EBD7372CB51F8900581021 /* XCRemoteSwiftPackageReference "realm-swift" */;
			productName = RealmSwift;
		};
		54EBD73B2CB51F9700581021 /* Alamofire */ = {
			isa = XCSwiftPackageProductDependency;
			package = 54EBD73A2CB51F9700581021 /* XCRemoteSwiftPackageReference "Alamofire" */;
			productName = Alamofire;
		};
		54EBD73E2CB51FA400581021 /* SnapKit */ = {
			isa = XCSwiftPackageProductDependency;
			package = 54EBD73D2CB51FA400581021 /* XCRemoteSwiftPackageReference "SnapKit" */;
			productName = SnapKit;
		};
		54EBD7412CB51FB600581021 /* Kingfisher */ = {
			isa = XCSwiftPackageProductDependency;
			package = 54EBD7402CB51FB600581021 /* XCRemoteSwiftPackageReference "Kingfisher" */;
			productName = Kingfisher;
		};
/* End XCSwiftPackageProductDependency section */
	};
	rootObject = 54EBD6F92CB519CD00581021 /* Project object */;
}
